
Microsoft Visual Studio Solution File, Format Version 12.00
# Visual Studio 2013
VisualStudioVersion = 12.0.31101.0
MinimumVisualStudioVersion = 10.0.40219.1
Project("{F2A71F9B-5D33-465A-A702-920D77279786}") = "WebSharper.Charting", "WebSharper.Charting\WebSharper.Charting.fsproj", "{21C11FE8-6AC2-42ED-9F2B-1F57CDF0631B}"
EndProject
Project("{F2A71F9B-5D33-465A-A702-920D77279786}") = "WebSharper.Charting.Tests", "WebSharper.Charting.Tests\WebSharper.Charting.Tests.fsproj", "{D7893609-3E53-4A38-BAE8-219EA5F243F9}"
EndProject
Global
	GlobalSection(SolutionConfigurationPlatforms) = preSolution
		Debug|Any CPU = Debug|Any CPU
		Release|Any CPU = Release|Any CPU
	EndGlobalSection
	GlobalSection(ProjectConfigurationPlatforms) = postSolution
		{21C11FE8-6AC2-42ED-9F2B-1F57CDF0631B}.Debug|Any CPU.ActiveCfg = Debug|Any CPU
		{21C11FE8-6AC2-42ED-9F2B-1F57CDF0631B}.Debug|Any CPU.Build.0 = Debug|Any CPU
		{21C11FE8-6AC2-42ED-9F2B-1F57CDF0631B}.Release|Any CPU.ActiveCfg = Release|Any CPU
		{21C11FE8-6AC2-42ED-9F2B-1F57CDF0631B}.Release|Any CPU.Build.0 = Release|Any CPU
		{D7893609-3E53-4A38-BAE8-219EA5F243F9}.Debug|Any CPU.ActiveCfg = Debug|Any CPU
		{D7893609-3E53-4A38-BAE8-219EA5F243F9}.Debug|Any CPU.Build.0 = Debug|Any CPU
		{D7893609-3E53-4A38-BAE8-219EA5F243F9}.Release|Any CPU.ActiveCfg = Release|Any CPU
		{D7893609-3E53-4A38-BAE8-219EA5F243F9}.Release|Any CPU.Build.0 = Release|Any CPU
	EndGlobalSection
	GlobalSection(SolutionProperties) = preSolution
		HideSolutionNode = FALSE
	EndGlobalSection
EndGlobal
